// !$*UTF8*$!
{
	archiveVersion = 1;
	classes = {
	};
	objectVersion = 50;
	objects = {

/* Begin PBXBuildFile section */
		BF62C28326213C2600A90856 /* CalculatorBrain.swift in Sources */ = {isa = PBXBuildFile; fileRef = BF62C28226213C2600A90856 /* CalculatorBrain.swift */; };
		BF62C28726213C3900A90856 /* BMI.swift in Sources */ = {isa = PBXBuildFile; fileRef = BF62C28626213C3900A90856 /* BMI.swift */; };
		BF62C28D26213CAC00A90856 /* ResultsViewController.swift in Sources */ = {isa = PBXBuildFile; fileRef = BF62C28C26213CAC00A90856 /* ResultsViewController.swift */; };
		BFCD75572620BECE00CEC8BF /* AppDelegate.swift in Sources */ = {isa = PBXBuildFile; fileRef = BFCD75562620BECE00CEC8BF /* AppDelegate.swift */; };
		BFCD75592620BECE00CEC8BF /* SceneDelegate.swift in Sources */ = {isa = PBXBuildFile; fileRef = BFCD75582620BECE00CEC8BF /* SceneDelegate.swift */; };
		BFCD755B2620BECE00CEC8BF /* CalculatorView.swift in Sources */ = {isa = PBXBuildFile; fileRef = BFCD755A2620BECE00CEC8BF /* CalculatorView.swift */; };
		BFCD755E2620BECE00CEC8BF /* Main.storyboard in Resources */ = {isa = PBXBuildFile; fileRef = BFCD755C2620BECE00CEC8BF /* Main.storyboard */; };
		BFCD75602620BECE00CEC8BF /* Assets.xcassets in Resources */ = {isa = PBXBuildFile; fileRef = BFCD755F2620BECE00CEC8BF /* Assets.xcassets */; };
		BFCD75632620BECE00CEC8BF /* LaunchScreen.storyboard in Resources */ = {isa = PBXBuildFile; fileRef = BFCD75612620BECE00CEC8BF /* LaunchScreen.storyboard */; };
/* End PBXBuildFile section */

/* Begin PBXFileReference section */
		BF62C28226213C2600A90856 /* CalculatorBrain.swift */ = {isa = PBXFileReference; lastKnownFileType = sourcecode.swift; path = CalculatorBrain.swift; sourceTree = "<group>"; };
		BF62C28626213C3900A90856 /* BMI.swift */ = {isa = PBXFileReference; lastKnownFileType = sourcecode.swift; path = BMI.swift; sourceTree = "<group>"; };
		BF62C28C26213CAC00A90856 /* ResultsViewController.swift */ = {isa = PBXFileReference; lastKnownFileType = sourcecode.swift; path = ResultsViewController.swift; sourceTree = "<group>"; };
		BFCD75532620BECE00CEC8BF /* BMI.app */ = {isa = PBXFileReference; explicitFileType = wrapper.application; includeInIndex = 0; path = BMI.app; sourceTree = BUILT_PRODUCTS_DIR; };
		BFCD75562620BECE00CEC8BF /* AppDelegate.swift */ = {isa = PBXFileReference; lastKnownFileType = sourcecode.swift; path = AppDelegate.swift; sourceTree = "<group>"; };
		BFCD75582620BECE00CEC8BF /* SceneDelegate.swift */ = {isa = PBXFileReference; lastKnownFileType = sourcecode.swift; path = SceneDelegate.swift; sourceTree = "<group>"; };
		BFCD755A2620BECE00CEC8BF /* CalculatorView.swift */ = {isa = PBXFileReference; lastKnownFileType = sourcecode.swift; path = CalculatorView.swift; sourceTree = "<group>"; };
		BFCD755D2620BECE00CEC8BF /* Base */ = {isa = PBXFileReference; lastKnownFileType = file.storyboard; name = Base; path = Base.lproj/Main.storyboard; sourceTree = "<group>"; };
		BFCD755F2620BECE00CEC8BF /* Assets.xcassets */ = {isa = PBXFileReference; lastKnownFileType = folder.assetcatalog; path = Assets.xcassets; sourceTree = "<group>"; };
		BFCD75622620BECE00CEC8BF /* Base */ = {isa = PBXFileReference; lastKnownFileType = file.storyboard; name = Base; path = Base.lproj/LaunchScreen.storyboard; sourceTree = "<group>"; };
		BFCD75642620BECE00CEC8BF /* Info.plist */ = {isa = PBXFileReference; lastKnownFileType = text.plist.xml; path = Info.plist; sourceTree = "<group>"; };
/* End PBXFileReference section */

/* Begin PBXFrameworksBuildPhase section */
		BFCD75502620BECE00CEC8BF /* Frameworks */ = {
			isa = PBXFrameworksBuildPhase;
			buildActionMask = 2147483647;
			files = (
			);
			runOnlyForDeploymentPostprocessing = 0;
		};
/* End PBXFrameworksBuildPhase section */

/* Begin PBXGroup section */
		BF62C27F26213C0400A90856 /* Controller */ = {
			isa = PBXGroup;
			children = (
				BFCD755A2620BECE00CEC8BF /* CalculatorView.swift */,
				BF62C28C26213CAC00A90856 /* ResultsViewController.swift */,
			);
			path = Controller;
			sourceTree = "<group>";
		};
		BF62C28126213C0D00A90856 /* View */ = {
			isa = PBXGroup;
			children = (
				BFCD755C2620BECE00CEC8BF /* Main.storyboard */,
			);
			path = View;
			sourceTree = "<group>";
		};
		BF62C28A26213C5500A90856 /* Model */ = {
			isa = PBXGroup;
			children = (
				BF62C28226213C2600A90856 /* CalculatorBrain.swift */,
				BF62C28626213C3900A90856 /* BMI.swift */,
			);
			path = Model;
			sourceTree = "<group>";
		};
		BFCD754A2620BECD00CEC8BF = {
			isa = PBXGroup;
			children = (
				BFCD75552620BECE00CEC8BF /* BMI */,
				BFCD75542620BECE00CEC8BF /* Products */,
			);
			sourceTree = "<group>";
		};
		BFCD75542620BECE00CEC8BF /* Products */ = {
			isa = PBXGroup;
			children = (
				BFCD75532620BECE00CEC8BF /* BMI.app */,
			);
			name = Products;
			sourceTree = "<group>";
		};
		BFCD75552620BECE00CEC8BF /* BMI */ = {
			isa = PBXGroup;
			children = (
				BFCD75562620BECE00CEC8BF /* AppDelegate.swift */,
				BFCD75582620BECE00CEC8BF /* SceneDelegate.swift */,
				BF62C28A26213C5500A90856 /* Model */,
				BF62C27F26213C0400A90856 /* Controller */,
				BF62C28126213C0D00A90856 /* View */,
				BFCD755F2620BECE00CEC8BF /* Assets.xcassets */,
				BFCD75612620BECE00CEC8BF /* LaunchScreen.storyboard */,
				BFCD75642620BECE00CEC8BF /* Info.plist */,
			);
			path = BMI;
			sourceTree = "<group>";
		};
/* End PBXGroup section */

/* Begin PBXNativeTarget section */
		BFCD75522620BECE00CEC8BF /* BMI */ = {
			isa = PBXNativeTarget;
			buildConfigurationList = BFCD75672620BECE00CEC8BF /* Build configuration list for PBXNativeTarget "BMI" */;
			buildPhases = (
				BFCD754F2620BECE00CEC8BF /* Sources */,
				BFCD75502620BECE00CEC8BF /* Frameworks */,
				BFCD75512620BECE00CEC8BF /* Resources */,
			);
			buildRules = (
			);
			dependencies = (
			);
			name = BMI;
			productName = BMI;
			productReference = BFCD75532620BECE00CEC8BF /* BMI.app */;
			productType = "com.apple.product-type.application";
		};
/* End PBXNativeTarget section */

/* Begin PBXProject section */
		BFCD754B2620BECD00CEC8BF /* Project object */ = {
			isa = PBXProject;
			attributes = {
				LastSwiftUpdateCheck = 1240;
				LastUpgradeCheck = 1240;
				TargetAttributes = {
					BFCD75522620BECE00CEC8BF = {
						CreatedOnToolsVersion = 12.4;
					};
				};
			};
			buildConfigurationList = BFCD754E2620BECD00CEC8BF /* Build configuration list for PBXProject "BMI" */;
			compatibilityVersion = "Xcode 9.3";
			developmentRegion = en;
			hasScannedForEncodings = 0;
			knownRegions = (
				en,
				Base,
			);
			mainGroup = BFCD754A2620BECD00CEC8BF;
			productRefGroup = BFCD75542620BECE00CEC8BF /* Products */;
			projectDirPath = "";
			projectRoot = "";
			targets = (
				BFCD75522620BECE00CEC8BF /* BMI */,
			);
		};
/* End PBXProject section */

/* Begin PBXResourcesBuildPhase section */
		BFCD75512620BECE00CEC8BF /* Resources */ = {
			isa = PBXResourcesBuildPhase;
			buildActionMask = 2147483647;
			files = (
				BFCD75632620BECE00CEC8BF /* LaunchScreen.storyboard in Resources */,
				BFCD75602620BECE00CEC8BF /* Assets.xcassets in Resources */,
				BFCD755E2620BECE00CEC8BF /* Main.storyboard in Resources */,
			);
			runOnlyForDeploymentPostprocessing = 0;
		};
/* End PBXResourcesBuildPhase section */

/* Begin PBXSourcesBuildPhase section */
		BFCD754F2620BECE00CEC8BF /* Sources */ = {
			isa = PBXSourcesBuildPhase;
			buildActionMask = 2147483647;
			files = (
				BF62C28726213C3900A90856 /* BMI.swift in Sources */,
				BFCD755B2620BECE00CEC8BF /* CalculatorView.swift in Sources */,
				BFCD75572620BECE00CEC8BF /* AppDelegate.swift in Sources */,
				BF62C28326213C2600A90856 /* CalculatorBrain.swift in Sources */,
				BFCD75592620BECE00CEC8BF /* SceneDelegate.swift in Sources */,
				BF62C28D26213CAC00A90856 /* ResultsViewController.swift in Sources */,
			);
			runOnlyForDeploymentPostprocessing = 0;
		};
/* End PBXSourcesBuildPhase section */

/* Begin PBXVariantGroup section */
		BFCD755C2620BECE00CEC8BF /* Main.storyboard */ = {
			isa = PBXVariantGroup;
			children = (
				BFCD755D2620BECE00CEC8BF /* Base */,
			);
			name = Main.storyboard;
			sourceTree = "<group>";
		};
		BFCD75612620BECE00CEC8BF /* LaunchScreen.storyboard */ = {
			isa = PBXVariantGroup;
			children = (
				BFCD75622620BECE00CEC8BF /* Base */,
			);
			name = LaunchScreen.storyboard;
			sourceTree = "<group>";
		};
/* End PBXVariantGroup section */

/* Begin XCBuildConfiguration section */
		BFCD75652620BECE00CEC8BF /* Debug */ = {
			isa = XCBuildConfiguration;
			buildSettings = {
				ALWAYS_SEARCH_USER_PATHS = NO;
				CLANG_ANALYZER_NONNULL = YES;
				CLANG_ANALYZER_NUMBER_OBJECT_CONVERSION = YES_AGGRESSIVE;
				CLANG_CXX_LANGUAGE_STANDARD = "gnu++14";
				CLANG_CXX_LIBRARY = "libc++";
				CLANG_ENABLE_MODULES = YES;
				CLANG_ENABLE_OBJC_ARC = YES;
				CLANG_ENABLE_OBJC_WEAK = YES;
				CLANG_WARN_BLOCK_CAPTURE_AUTORELEASING = YES;
				CLANG_WARN_BOOL_CONVERSION = YES;
				CLANG_WARN_COMMA = YES;
				CLANG_WARN_CONSTANT_CONVERSION = YES;
				CLANG_WARN_DEPRECATED_OBJC_IMPLEMENTATIONS = YES;
				CLANG_WARN_DIRECT_OBJC_ISA_USAGE = YES_ERROR;
				CLANG_WARN_DOCUMENTATION_COMMENTS = YES;
				CLANG_WARN_EMPTY_BODY = YES;
				CLANG_WARN_ENUM_CONVERSION = YES;
				CLANG_WARN_INFINITE_RECURSION = YES;
				CLANG_WARN_INT_CONVERSION = YES;
				CLANG_WARN_NON_LITERAL_NULL_CONVERSION = YES;
				CLANG_WARN_OBJC_IMPLICIT_RETAIN_SELF = YES;
				CLANG_WARN_OBJC_LITERAL_CONVERSION = YES;
				CLANG_WARN_OBJC_ROOT_CLASS = YES_ERROR;
				CLANG_WARN_QUOTED_INCLUDE_IN_FRAMEWORK_HEADER = YES;
				CLANG_WARN_RANGE_LOOP_ANALYSIS = YES;
				CLANG_WARN_STRICT_PROTOTYPES = YES;
				CLANG_WARN_SUSPICIOUS_MOVE = YES;
				CLANG_WARN_UNGUARDED_AVAILABILITY = YES_AGGRESSIVE;
				CLANG_WARN_UNREACHABLE_CODE = YES;
				CLANG_WARN__DUPLICATE_METHOD_MATCH = YES;
				COPY_PHASE_STRIP = NO;
				DEBUG_INFORMATION_FORMAT = dwarf;
				ENABLE_STRICT_OBJC_MSGSEND = YES;
				ENABLE_TESTABILITY = YES;
				GCC_C_LANGUAGE_STANDARD = gnu11;
				GCC_DYNAMIC_NO_PIC = NO;
				GCC_NO_COMMON_BLOCKS = YES;
				GCC_OPTIMIZATION_LEVEL = 0;
				GCC_PREPROCESSOR_DEFINITIONS = (
					"DEBUG=1",
					"$(inherited)",
				);
				GCC_WARN_64_TO_32_BIT_CONVERSION = YES;
				GCC_WARN_ABOUT_RETURN_TYPE = YES_ERROR;
				GCC_WARN_UNDECLARED_SELECTOR = YES;
				GCC_WARN_UNINITIALIZED_AUTOS = YES_AGGRESSIVE;
				GCC_WARN_UNUSED_FUNCTION = YES;
				GCC_WARN_UNUSED_VARIABLE = YES;
				IPHONEOS_DEPLOYMENT_TARGET = 14.4;
				MTL_ENABLE_DEBUG_INFO = INCLUDE_SOURCE;
				MTL_FAST_MATH = YES;
				ONLY_ACTIVE_ARCH = YES;
				SDKROOT = iphoneos;
				SWIFT_ACTIVE_COMPILATION_CONDITIONS = DEBUG;
				SWIFT_OPTIMIZATION_LEVEL = "-Onone";
			};
			name = Debug;
		};
		BFCD75662620BECE00CEC8BF /* Release */ = {
			isa = XCBuildConfiguration;
			buildSettings = {
				ALWAYS_SEARCH_USER_PATHS = NO;
				CLANG_ANALYZER_NONNULL = YES;
				CLANG_ANALYZER_NUMBER_OBJECT_CONVERSION = YES_AGGRESSIVE;
				CLANG_CXX_LANGUAGE_STANDARD = "gnu++14";
				CLANG_CXX_LIBRARY = "libc++";
				CLANG_ENABLE_MODULES = YES;
				CLANG_ENABLE_OBJC_ARC = YES;
				CLANG_ENABLE_OBJC_WEAK = YES;
				CLANG_WARN_BLOCK_CAPTURE_AUTORELEASING = YES;
				CLANG_WARN_BOOL_CONVERSION = YES;
				CLANG_WARN_COMMA = YES;
				CLANG_WARN_CONSTANT_CONVERSION = YES;
				CLANG_WARN_DEPRECATED_OBJC_IMPLEMENTATIONS = YES;
				CLANG_WARN_DIRECT_OBJC_ISA_USAGE = YES_ERROR;
				CLANG_WARN_DOCUMENTATION_COMMENTS = YES;
				CLANG_WARN_EMPTY_BODY = YES;
				CLANG_WARN_ENUM_CONVERSION = YES;
				CLANG_WARN_INFINITE_RECURSION = YES;
				CLANG_WARN_INT_CONVERSION = YES;
				CLANG_WARN_NON_LITERAL_NULL_CONVERSION = YES;
				CLANG_WARN_OBJC_IMPLICIT_RETAIN_SELF = YES;
				CLANG_WARN_OBJC_LITERAL_CONVERSION = YES;
				CLANG_WARN_OBJC_ROOT_CLASS = YES_ERROR;
				CLANG_WARN_QUOTED_INCLUDE_IN_FRAMEWORK_HEADER = YES;
				CLANG_WARN_RANGE_LOOP_ANALYSIS = YES;
				CLANG_WARN_STRICT_PROTOTYPES = YES;
				CLANG_WARN_SUSPICIOUS_MOVE = YES;
				CLANG_WARN_UNGUARDED_AVAILABILITY = YES_AGGRESSIVE;
				CLANG_WARN_UNREACHABLE_CODE = YES;
				CLANG_WARN__DUPLICATE_METHOD_MATCH = YES;
				COPY_PHASE_STRIP = NO;
				DEBUG_INFORMATION_FORMAT = "dwarf-with-dsym";
				ENABLE_NS_ASSERTIONS = NO;
				ENABLE_STRICT_OBJC_MSGSEND = YES;
				GCC_C_LANGUAGE_STANDARD = gnu11;
				GCC_NO_COMMON_BLOCKS = YES;
				GCC_WARN_64_TO_32_BIT_CONVERSION = YES;
				GCC_WARN_ABOUT_RETURN_TYPE = YES_ERROR;
				GCC_WARN_UNDECLARED_SELECTOR = YES;
				GCC_WARN_UNINITIALIZED_AUTOS = YES_AGGRESSIVE;
				GCC_WARN_UNUSED_FUNCTION = YES;
				GCC_WARN_UNUSED_VARIABLE = YES;
				IPHONEOS_DEPLOYMENT_TARGET = 14.4;
				MTL_ENABLE_DEBUG_INFO = NO;
				MTL_FAST_MATH = YES;
				SDKROOT = iphoneos;
				SWIFT_COMPILATION_MODE = wholemodule;
				SWIFT_OPTIMIZATION_LEVEL = "-O";
				VALIDATE_PRODUCT = YES;
			};
			name = Release;
		};
		BFCD75682620BECE00CEC8BF /* Debug */ = {
			isa = XCBuildConfiguration;
			buildSettings = {
				ASSETCATALOG_COMPILER_APPICON_NAME = AppIcon;
				ASSETCATALOG_COMPILER_GLOBAL_ACCENT_COLOR_NAME = AccentColor;
				CODE_SIGN_STYLE = Automatic;
				INFOPLIST_FILE = BMI/Info.plist;
				LD_RUNPATH_SEARCH_PATHS = (
					"$(inherited)",
					"@executable_path/Frameworks",
				);
				PRODUCT_BUNDLE_IDENTIFIER = com.minna.BMI;
				PRODUCT_NAME = "$(TARGET_NAME)";
				SWIFT_VERSION = 5.0;
				TARGETED_DEVICE_FAMILY = "1,2";
			};
			name = Debug;
		};
		BFCD75692620BECE00CEC8BF /* Release */ = {
			isa = XCBuildConfiguration;
			buildSettings = {
				ASSETCATALOG_COMPILER_APPICON_NAME = AppIcon;
				ASSETCATALOG_COMPILER_GLOBAL_ACCENT_COLOR_NAME = AccentColor;
				CODE_SIGN_STYLE = Automatic;
				INFOPLIST_FILE = BMI/Info.plist;
				LD_RUNPATH_SEARCH_PATHS = (
					"$(inherited)",
					"@executable_path/Frameworks",
				);
				PRODUCT_BUNDLE_IDENTIFIER = com.minna.BMI;
				PRODUCT_NAME = "$(TARGET_NAME)";
				SWIFT_VERSION = 5.0;
				TARGETED_DEVICE_FAMILY = "1,2";
			};
			name = Release;
		};
/* End XCBuildConfiguration section */

/* Begin XCConfigurationList section */
		BFCD754E2620BECD00CEC8BF /* Build configuration list for PBXProject "BMI" */ = {
			isa = XCConfigurationList;
			buildConfigurations = (
				BFCD75652620BECE00CEC8BF /* Debug */,
				BFCD75662620BECE00CEC8BF /* Release */,
			);
			defaultConfigurationIsVisible = 0;
			defaultConfigurationName = Release;
		};
		BFCD75672620BECE00CEC8BF /* Build configuration list for PBXNativeTarget "BMI" */ = {
			isa = XCConfigurationList;
			buildConfigurations = (
				BFCD75682620BECE00CEC8BF /* Debug */,
				BFCD75692620BECE00CEC8BF /* Release */,
			);
			defaultConfigurationIsVisible = 0;
			defaultConfigurationName = Release;
		};
/* End XCConfigurationList section */
	};
	rootObject = BFCD754B2620BECD00CEC8BF /* Project object */;
}
